
Microsoft Visual Studio Solution File, Format Version 12.00
# Visual Studio Version 17
VisualStudioVersion = 17.0.31815.197
MinimumVisualStudioVersion = 10.0.40219.1
Project("{FAE04EC0-301F-11D3-BF4B-00C04F79EFBC}") = "CleanSource", "CleanSource\CleanSource.csproj", "{307E9A57-9FF5-4F25-9A14-299A48CAF0EC}"
EndProject
Global
	GlobalSection(SolutionConfigurationPlatforms) = preSolution
		Debug|Any CPU = Debug|Any CPU
		Debug|x86 = Debug|x86
		Release|Any CPU = Release|Any CPU
		Release|x86 = Release|x86
	EndGlobalSection
	GlobalSection(ProjectConfigurationPlatforms) = postSolution
		{307E9A57-9FF5-4F25-9A14-299A48CAF0EC}.Debug|Any CPU.ActiveCfg = Debug|Any CPU
		{307E9A57-9FF5-4F25-9A14-299A48CAF0EC}.Debug|Any CPU.Build.0 = Debug|Any CPU
		{307E9A57-9FF5-4F25-9A14-299A48CAF0EC}.Debug|x86.ActiveCfg = Debug|x86
		{307E9A57-9FF5-4F25-9A14-299A48CAF0EC}.Debug|x86.Build.0 = Debug|x86
		{307E9A57-9FF5-4F25-9A14-299A48CAF0EC}.Release|Any CPU.ActiveCfg = Release|Any CPU
		{307E9A57-9FF5-4F25-9A14-299A48CAF0EC}.Release|Any CPU.Build.0 = Release|Any CPU
		{307E9A57-9FF5-4F25-9A14-299A48CAF0EC}.Release|x86.ActiveCfg = Release|x86
		{307E9A57-9FF5-4F25-9A14-299A48CAF0EC}.Release|x86.Build.0 = Release|x86
	EndGlobalSection
	GlobalSection(SolutionProperties) = preSolution
		HideSolutionNode = FALSE
	EndGlobalSection
	GlobalSection(ExtensibilityGlobals) = postSolution
		SolutionGuid = {20AC9EB3-C73F-424F-82D0-183E75EEE6CD}
	EndGlobalSection
EndGlobal
